
Microsoft Visual Studio Solution File, Format Version 12.00
# Visual Studio Version 17
VisualStudioVersion = 17.5.001.0
MinimumVisualStudioVersion = 10.0.40219.1
Project("{9A19103F-16F7-4668-BE54-9A1E7A4F7556}") = "zad2", "zad2.csproj", "{4EB67A11-38CA-4D32-90E5-43C25F425320}"
EndProject
Global
	GlobalSection(SolutionConfigurationPlatforms) = preSolution
		Debug|Any CPU = Debug|Any CPU
		Release|Any CPU = Release|Any CPU
	EndGlobalSection
	GlobalSection(ProjectConfigurationPlatforms) = postSolution
		{4EB67A11-38CA-4D32-90E5-43C25F425320}.Debug|Any CPU.ActiveCfg = Debug|Any CPU
		{4EB67A11-38CA-4D32-90E5-43C25F425320}.Debug|Any CPU.Build.0 = Debug|Any CPU
		{4EB67A11-38CA-4D32-90E5-43C25F425320}.Release|Any CPU.ActiveCfg = Release|Any CPU
		{4EB67A11-38CA-4D32-90E5-43C25F425320}.Release|Any CPU.Build.0 = Release|Any CPU
	EndGlobalSection
	GlobalSection(SolutionProperties) = preSolution
		HideSolutionNode = FALSE
	EndGlobalSection
	GlobalSection(ExtensibilityGlobals) = postSolution
		SolutionGuid = {0AC61372-7D0C-4EC7-9423-4CDB0CE7E607}
	EndGlobalSection
EndGlobal
