
Microsoft Visual Studio Solution File, Format Version 12.00
# Visual Studio Version 17
VisualStudioVersion = 17.5.001.0
MinimumVisualStudioVersion = 10.0.40219.1
Project("{9A19103F-16F7-4668-BE54-9A1E7A4F7556}") = "zad3", "zad3.csproj", "{28D600C7-463E-4D92-9CE0-DF9D45092A48}"
EndProject
Global
	GlobalSection(SolutionConfigurationPlatforms) = preSolution
		Debug|Any CPU = Debug|Any CPU
		Release|Any CPU = Release|Any CPU
	EndGlobalSection
	GlobalSection(ProjectConfigurationPlatforms) = postSolution
		{28D600C7-463E-4D92-9CE0-DF9D45092A48}.Debug|Any CPU.ActiveCfg = Debug|Any CPU
		{28D600C7-463E-4D92-9CE0-DF9D45092A48}.Debug|Any CPU.Build.0 = Debug|Any CPU
		{28D600C7-463E-4D92-9CE0-DF9D45092A48}.Release|Any CPU.ActiveCfg = Release|Any CPU
		{28D600C7-463E-4D92-9CE0-DF9D45092A48}.Release|Any CPU.Build.0 = Release|Any CPU
	EndGlobalSection
	GlobalSection(SolutionProperties) = preSolution
		HideSolutionNode = FALSE
	EndGlobalSection
	GlobalSection(ExtensibilityGlobals) = postSolution
		SolutionGuid = {3679999C-AF6E-48EA-AC2A-F00056062E2E}
	EndGlobalSection
EndGlobal
